// !$*UTF8*$!
{
	archiveVersion = 1;
	classes = {
	};
	objectVersion = 50;
	objects = {

/* Begin PBXBuildFile section */
		F906532A2298A45300D11222 /* AppDelegate.swift in Sources */ = {isa = PBXBuildFile; fileRef = F90653292298A45300D11222 /* AppDelegate.swift */; };
		F906532C2298A45300D11222 /* DocumentsViewController.swift in Sources */ = {isa = PBXBuildFile; fileRef = F906532B2298A45300D11222 /* DocumentsViewController.swift */; };
		F906532E2298A45300D11222 /* LinksViewController.swift in Sources */ = {isa = PBXBuildFile; fileRef = F906532D2298A45300D11222 /* LinksViewController.swift */; };
		F90653312298A45300D11222 /* Main.storyboard in Resources */ = {isa = PBXBuildFile; fileRef = F906532F2298A45300D11222 /* Main.storyboard */; };
		F90653332298A45300D11222 /* Assets.xcassets in Resources */ = {isa = PBXBuildFile; fileRef = F90653322298A45300D11222 /* Assets.xcassets */; };
		F90653362298A45300D11222 /* LaunchScreen.storyboard in Resources */ = {isa = PBXBuildFile; fileRef = F90653342298A45300D11222 /* LaunchScreen.storyboard */; };
		F90653402298A79B00D11222 /* LinksModel.swift in Sources */ = {isa = PBXBuildFile; fileRef = F906533F2298A79B00D11222 /* LinksModel.swift */; };
		F90653422298A7C000D11222 /* DocumentsModel.swift in Sources */ = {isa = PBXBuildFile; fileRef = F90653412298A7C000D11222 /* DocumentsModel.swift */; };
		F90653442298A82200D11222 /* WebKitViewController.swift in Sources */ = {isa = PBXBuildFile; fileRef = F90653432298A82200D11222 /* WebKitViewController.swift */; };
		F90653482298AFEE00D11222 /* CollectionViewCell.swift in Sources */ = {isa = PBXBuildFile; fileRef = F90653472298AFEE00D11222 /* CollectionViewCell.swift */; };
/* End PBXBuildFile section */

/* Begin PBXFileReference section */
		F90653262298A45300D11222 /* html-viewer.app */ = {isa = PBXFileReference; explicitFileType = wrapper.application; includeInIndex = 0; path = "html-viewer.app"; sourceTree = BUILT_PRODUCTS_DIR; };
		F90653292298A45300D11222 /* AppDelegate.swift */ = {isa = PBXFileReference; lastKnownFileType = sourcecode.swift; path = AppDelegate.swift; sourceTree = "<group>"; };
		F906532B2298A45300D11222 /* DocumentsViewController.swift */ = {isa = PBXFileReference; lastKnownFileType = sourcecode.swift; path = DocumentsViewController.swift; sourceTree = "<group>"; };
		F906532D2298A45300D11222 /* LinksViewController.swift */ = {isa = PBXFileReference; lastKnownFileType = sourcecode.swift; path = LinksViewController.swift; sourceTree = "<group>"; };
		F90653302298A45300D11222 /* Base */ = {isa = PBXFileReference; lastKnownFileType = file.storyboard; name = Base; path = Base.lproj/Main.storyboard; sourceTree = "<group>"; };
		F90653322298A45300D11222 /* Assets.xcassets */ = {isa = PBXFileReference; lastKnownFileType = folder.assetcatalog; path = Assets.xcassets; sourceTree = "<group>"; };
		F90653352298A45300D11222 /* Base */ = {isa = PBXFileReference; lastKnownFileType = file.storyboard; name = Base; path = Base.lproj/LaunchScreen.storyboard; sourceTree = "<group>"; };
		F90653372298A45300D11222 /* Info.plist */ = {isa = PBXFileReference; lastKnownFileType = text.plist.xml; path = Info.plist; sourceTree = "<group>"; };
		F906533F2298A79B00D11222 /* LinksModel.swift */ = {isa = PBXFileReference; lastKnownFileType = sourcecode.swift; path = LinksModel.swift; sourceTree = "<group>"; };
		F90653412298A7C000D11222 /* DocumentsModel.swift */ = {isa = PBXFileReference; lastKnownFileType = sourcecode.swift; path = DocumentsModel.swift; sourceTree = "<group>"; };
		F90653432298A82200D11222 /* WebKitViewController.swift */ = {isa = PBXFileReference; lastKnownFileType = sourcecode.swift; path = WebKitViewController.swift; sourceTree = "<group>"; };
		F90653472298AFEE00D11222 /* CollectionViewCell.swift */ = {isa = PBXFileReference; lastKnownFileType = sourcecode.swift; path = CollectionViewCell.swift; sourceTree = "<group>"; };
/* End PBXFileReference section */

/* Begin PBXFrameworksBuildPhase section */
		F90653232298A45300D11222 /* Frameworks */ = {
			isa = PBXFrameworksBuildPhase;
			buildActionMask = 2147483647;
			files = (
			);
			runOnlyForDeploymentPostprocessing = 0;
		};
/* End PBXFrameworksBuildPhase section */

/* Begin PBXGroup section */
		F906531D2298A45300D11222 = {
			isa = PBXGroup;
			children = (
				F90653282298A45300D11222 /* html-viewer */,
				F90653272298A45300D11222 /* Products */,
			);
			sourceTree = "<group>";
		};
		F90653272298A45300D11222 /* Products */ = {
			isa = PBXGroup;
			children = (
				F90653262298A45300D11222 /* html-viewer.app */,
			);
			name = Products;
			sourceTree = "<group>";
		};
		F90653282298A45300D11222 /* html-viewer */ = {
			isa = PBXGroup;
			children = (
				F90653292298A45300D11222 /* AppDelegate.swift */,
				F90653462298AF5200D11222 /* WebKit */,
				F906533D2298A72B00D11222 /* DocumentsView */,
				F906533E2298A76E00D11222 /* LinksView */,
				F906532F2298A45300D11222 /* Main.storyboard */,
				F90653322298A45300D11222 /* Assets.xcassets */,
				F90653342298A45300D11222 /* LaunchScreen.storyboard */,
				F90653372298A45300D11222 /* Info.plist */,
			);
			path = "html-viewer";
			sourceTree = "<group>";
		};
		F906533D2298A72B00D11222 /* DocumentsView */ = {
			isa = PBXGroup;
			children = (
				F906532B2298A45300D11222 /* DocumentsViewController.swift */,
				F90653412298A7C000D11222 /* DocumentsModel.swift */,
				F90653472298AFEE00D11222 /* CollectionViewCell.swift */,
			);
			path = DocumentsView;
			sourceTree = "<group>";
		};
		F906533E2298A76E00D11222 /* LinksView */ = {
			isa = PBXGroup;
			children = (
				F906532D2298A45300D11222 /* LinksViewController.swift */,
				F906533F2298A79B00D11222 /* LinksModel.swift */,
			);
			path = LinksView;
			sourceTree = "<group>";
		};
		F90653462298AF5200D11222 /* WebKit */ = {
			isa = PBXGroup;
			children = (
				F90653432298A82200D11222 /* WebKitViewController.swift */,
			);
			name = WebKit;
			sourceTree = "<group>";
		};
/* End PBXGroup section */

/* Begin PBXNativeTarget section */
		F90653252298A45300D11222 /* html-viewer */ = {
			isa = PBXNativeTarget;
			buildConfigurationList = F906533A2298A45300D11222 /* Build configuration list for PBXNativeTarget "html-viewer" */;
			buildPhases = (
				F90653222298A45300D11222 /* Sources */,
				F90653232298A45300D11222 /* Frameworks */,
				F90653242298A45300D11222 /* Resources */,
			);
			buildRules = (
			);
			dependencies = (
			);
			name = "html-viewer";
			productName = "html-viewer";
			productReference = F90653262298A45300D11222 /* html-viewer.app */;
			productType = "com.apple.product-type.application";
		};
/* End PBXNativeTarget section */

/* Begin PBXProject section */
		F906531E2298A45300D11222 /* Project object */ = {
			isa = PBXProject;
			attributes = {
				LastSwiftUpdateCheck = 1020;
				LastUpgradeCheck = 1020;
				ORGANIZATIONNAME = v.lumelskiy;
				TargetAttributes = {
					F90653252298A45300D11222 = {
						CreatedOnToolsVersion = 10.2.1;
					};
				};
			};
			buildConfigurationList = F90653212298A45300D11222 /* Build configuration list for PBXProject "html-viewer" */;
			compatibilityVersion = "Xcode 9.3";
			developmentRegion = en;
			hasScannedForEncodings = 0;
			knownRegions = (
				en,
				Base,
			);
			mainGroup = F906531D2298A45300D11222;
			productRefGroup = F90653272298A45300D11222 /* Products */;
			projectDirPath = "";
			projectRoot = "";
			targets = (
				F90653252298A45300D11222 /* html-viewer */,
			);
		};
/* End PBXProject section */

/* Begin PBXResourcesBuildPhase section */
		F90653242298A45300D11222 /* Resources */ = {
			isa = PBXResourcesBuildPhase;
			buildActionMask = 2147483647;
			files = (
				F90653362298A45300D11222 /* LaunchScreen.storyboard in Resources */,
				F90653332298A45300D11222 /* Assets.xcassets in Resources */,
				F90653312298A45300D11222 /* Main.storyboard in Resources */,
			);
			runOnlyForDeploymentPostprocessing = 0;
		};
/* End PBXResourcesBuildPhase section */

/* Begin PBXSourcesBuildPhase section */
		F90653222298A45300D11222 /* Sources */ = {
			isa = PBXSourcesBuildPhase;
			buildActionMask = 2147483647;
			files = (
				F906532E2298A45300D11222 /* LinksViewController.swift in Sources */,
				F90653402298A79B00D11222 /* LinksModel.swift in Sources */,
				F90653442298A82200D11222 /* WebKitViewController.swift in Sources */,
				F90653482298AFEE00D11222 /* CollectionViewCell.swift in Sources */,
				F90653422298A7C000D11222 /* DocumentsModel.swift in Sources */,
				F906532A2298A45300D11222 /* AppDelegate.swift in Sources */,
				F906532C2298A45300D11222 /* DocumentsViewController.swift in Sources */,
			);
			runOnlyForDeploymentPostprocessing = 0;
		};
/* End PBXSourcesBuildPhase section */

/* Begin PBXVariantGroup section */
		F906532F2298A45300D11222 /* Main.storyboard */ = {
			isa = PBXVariantGroup;
			children = (
				F90653302298A45300D11222 /* Base */,
			);
			name = Main.storyboard;
			sourceTree = "<group>";
		};
		F90653342298A45300D11222 /* LaunchScreen.storyboard */ = {
			isa = PBXVariantGroup;
			children = (
				F90653352298A45300D11222 /* Base */,
			);
			name = LaunchScreen.storyboard;
			sourceTree = "<group>";
		};
/* End PBXVariantGroup section */

/* Begin XCBuildConfiguration section */
		F90653382298A45300D11222 /* Debug */ = {
			isa = XCBuildConfiguration;
			buildSettings = {
				ALWAYS_SEARCH_USER_PATHS = NO;
				CLANG_ANALYZER_NONNULL = YES;
				CLANG_ANALYZER_NUMBER_OBJECT_CONVERSION = YES_AGGRESSIVE;
				CLANG_CXX_LANGUAGE_STANDARD = "gnu++14";
				CLANG_CXX_LIBRARY = "libc++";
				CLANG_ENABLE_MODULES = YES;
				CLANG_ENABLE_OBJC_ARC = YES;
				CLANG_ENABLE_OBJC_WEAK = YES;
				CLANG_WARN_BLOCK_CAPTURE_AUTORELEASING = YES;
				CLANG_WARN_BOOL_CONVERSION = YES;
				CLANG_WARN_COMMA = YES;
				CLANG_WARN_CONSTANT_CONVERSION = YES;
				CLANG_WARN_DEPRECATED_OBJC_IMPLEMENTATIONS = YES;
				CLANG_WARN_DIRECT_OBJC_ISA_USAGE = YES_ERROR;
				CLANG_WARN_DOCUMENTATION_COMMENTS = YES;
				CLANG_WARN_EMPTY_BODY = YES;
				CLANG_WARN_ENUM_CONVERSION = YES;
				CLANG_WARN_INFINITE_RECURSION = YES;
				CLANG_WARN_INT_CONVERSION = YES;
				CLANG_WARN_NON_LITERAL_NULL_CONVERSION = YES;
				CLANG_WARN_OBJC_IMPLICIT_RETAIN_SELF = YES;
				CLANG_WARN_OBJC_LITERAL_CONVERSION = YES;
				CLANG_WARN_OBJC_ROOT_CLASS = YES_ERROR;
				CLANG_WARN_RANGE_LOOP_ANALYSIS = YES;
				CLANG_WARN_STRICT_PROTOTYPES = YES;
				CLANG_WARN_SUSPICIOUS_MOVE = YES;
				CLANG_WARN_UNGUARDED_AVAILABILITY = YES_AGGRESSIVE;
				CLANG_WARN_UNREACHABLE_CODE = YES;
				CLANG_WARN__DUPLICATE_METHOD_MATCH = YES;
				CODE_SIGN_IDENTITY = "iPhone Developer";
				COPY_PHASE_STRIP = NO;
				DEBUG_INFORMATION_FORMAT = dwarf;
				ENABLE_STRICT_OBJC_MSGSEND = YES;
				ENABLE_TESTABILITY = YES;
				GCC_C_LANGUAGE_STANDARD = gnu11;
				GCC_DYNAMIC_NO_PIC = NO;
				GCC_NO_COMMON_BLOCKS = YES;
				GCC_OPTIMIZATION_LEVEL = 0;
				GCC_PREPROCESSOR_DEFINITIONS = (
					"DEBUG=1",
					"$(inherited)",
				);
				GCC_WARN_64_TO_32_BIT_CONVERSION = YES;
				GCC_WARN_ABOUT_RETURN_TYPE = YES_ERROR;
				GCC_WARN_UNDECLARED_SELECTOR = YES;
				GCC_WARN_UNINITIALIZED_AUTOS = YES_AGGRESSIVE;
				GCC_WARN_UNUSED_FUNCTION = YES;
				GCC_WARN_UNUSED_VARIABLE = YES;
				IPHONEOS_DEPLOYMENT_TARGET = 12.2;
				MTL_ENABLE_DEBUG_INFO = INCLUDE_SOURCE;
				MTL_FAST_MATH = YES;
				ONLY_ACTIVE_ARCH = YES;
				SDKROOT = iphoneos;
				SWIFT_ACTIVE_COMPILATION_CONDITIONS = DEBUG;
				SWIFT_OPTIMIZATION_LEVEL = "-Onone";
			};
			name = Debug;
		};
		F90653392298A45300D11222 /* Release */ = {
			isa = XCBuildConfiguration;
			buildSettings = {
				ALWAYS_SEARCH_USER_PATHS = NO;
				CLANG_ANALYZER_NONNULL = YES;
				CLANG_ANALYZER_NUMBER_OBJECT_CONVERSION = YES_AGGRESSIVE;
				CLANG_CXX_LANGUAGE_STANDARD = "gnu++14";
				CLANG_CXX_LIBRARY = "libc++";
				CLANG_ENABLE_MODULES = YES;
				CLANG_ENABLE_OBJC_ARC = YES;
				CLANG_ENABLE_OBJC_WEAK = YES;
				CLANG_WARN_BLOCK_CAPTURE_AUTORELEASING = YES;
				CLANG_WARN_BOOL_CONVERSION = YES;
				CLANG_WARN_COMMA = YES;
				CLANG_WARN_CONSTANT_CONVERSION = YES;
				CLANG_WARN_DEPRECATED_OBJC_IMPLEMENTATIONS = YES;
				CLANG_WARN_DIRECT_OBJC_ISA_USAGE = YES_ERROR;
				CLANG_WARN_DOCUMENTATION_COMMENTS = YES;
				CLANG_WARN_EMPTY_BODY = YES;
				CLANG_WARN_ENUM_CONVERSION = YES;
				CLANG_WARN_INFINITE_RECURSION = YES;
				CLANG_WARN_INT_CONVERSION = YES;
				CLANG_WARN_NON_LITERAL_NULL_CONVERSION = YES;
				CLANG_WARN_OBJC_IMPLICIT_RETAIN_SELF = YES;
				CLANG_WARN_OBJC_LITERAL_CONVERSION = YES;
				CLANG_WARN_OBJC_ROOT_CLASS = YES_ERROR;
				CLANG_WARN_RANGE_LOOP_ANALYSIS = YES;
				CLANG_WARN_STRICT_PROTOTYPES = YES;
				CLANG_WARN_SUSPICIOUS_MOVE = YES;
				CLANG_WARN_UNGUARDED_AVAILABILITY = YES_AGGRESSIVE;
				CLANG_WARN_UNREACHABLE_CODE = YES;
				CLANG_WARN__DUPLICATE_METHOD_MATCH = YES;
				CODE_SIGN_IDENTITY = "iPhone Developer";
				COPY_PHASE_STRIP = NO;
				DEBUG_INFORMATION_FORMAT = "dwarf-with-dsym";
				ENABLE_NS_ASSERTIONS = NO;
				ENABLE_STRICT_OBJC_MSGSEND = YES;
				GCC_C_LANGUAGE_STANDARD = gnu11;
				GCC_NO_COMMON_BLOCKS = YES;
				GCC_WARN_64_TO_32_BIT_CONVERSION = YES;
				GCC_WARN_ABOUT_RETURN_TYPE = YES_ERROR;
				GCC_WARN_UNDECLARED_SELECTOR = YES;
				GCC_WARN_UNINITIALIZED_AUTOS = YES_AGGRESSIVE;
				GCC_WARN_UNUSED_FUNCTION = YES;
				GCC_WARN_UNUSED_VARIABLE = YES;
				IPHONEOS_DEPLOYMENT_TARGET = 12.2;
				MTL_ENABLE_DEBUG_INFO = NO;
				MTL_FAST_MATH = YES;
				SDKROOT = iphoneos;
				SWIFT_COMPILATION_MODE = wholemodule;
				SWIFT_OPTIMIZATION_LEVEL = "-O";
				VALIDATE_PRODUCT = YES;
			};
			name = Release;
		};
		F906533B2298A45300D11222 /* Debug */ = {
			isa = XCBuildConfiguration;
			buildSettings = {
				ASSETCATALOG_COMPILER_APPICON_NAME = AppIcon;
				CODE_SIGN_STYLE = Automatic;
				DEVELOPMENT_TEAM = NT4YB47WK7;
				INFOPLIST_FILE = "html-viewer/Info.plist";
				LD_RUNPATH_SEARCH_PATHS = (
					"$(inherited)",
					"@executable_path/Frameworks",
				);
				PRODUCT_BUNDLE_IDENTIFIER = "v.lumelskiy.html-viewer";
				PRODUCT_NAME = "$(TARGET_NAME)";
				SWIFT_VERSION = 5.0;
				TARGETED_DEVICE_FAMILY = "1,2";
			};
			name = Debug;
		};
		F906533C2298A45300D11222 /* Release */ = {
			isa = XCBuildConfiguration;
			buildSettings = {
				ASSETCATALOG_COMPILER_APPICON_NAME = AppIcon;
				CODE_SIGN_STYLE = Automatic;
				DEVELOPMENT_TEAM = NT4YB47WK7;
				INFOPLIST_FILE = "html-viewer/Info.plist";
				LD_RUNPATH_SEARCH_PATHS = (
					"$(inherited)",
					"@executable_path/Frameworks",
				);
				PRODUCT_BUNDLE_IDENTIFIER = "v.lumelskiy.html-viewer";
				PRODUCT_NAME = "$(TARGET_NAME)";
				SWIFT_VERSION = 5.0;
				TARGETED_DEVICE_FAMILY = "1,2";
			};
			name = Release;
		};
/* End XCBuildConfiguration section */

/* Begin XCConfigurationList section */
		F90653212298A45300D11222 /* Build configuration list for PBXProject "html-viewer" */ = {
			isa = XCConfigurationList;
			buildConfigurations = (
				F90653382298A45300D11222 /* Debug */,
				F90653392298A45300D11222 /* Release */,
			);
			defaultConfigurationIsVisible = 0;
			defaultConfigurationName = Release;
		};
		F906533A2298A45300D11222 /* Build configuration list for PBXNativeTarget "html-viewer" */ = {
			isa = XCConfigurationList;
			buildConfigurations = (
				F906533B2298A45300D11222 /* Debug */,
				F906533C2298A45300D11222 /* Release */,
			);
			defaultConfigurationIsVisible = 0;
			defaultConfigurationName = Release;
		};
/* End XCConfigurationList section */
	};
	rootObject = F906531E2298A45300D11222 /* Project object */;
}
